
Microsoft Visual Studio Solution File, Format Version 12.00
# Visual Studio 14
VisualStudioVersion = 14.0.25420.1
MinimumVisualStudioVersion = 10.0.40219.1
Project("{8BC9CEB8-8B4A-11D0-8D11-00A0C91BC942}") = "HoloIntervention", "HoloIntervention\HoloIntervention.vcxproj", "{76CA5DBD-F0BF-4AC6-857A-1D4613D90D73}"
EndProject
Project("{8BC9CEB8-8B4A-11D0-8D11-00A0C91BC942}") = "DirectXTK", "DirectXTK\DirectXTK_Windows10.vcxproj", "{F4776924-619C-42C7-88B2-82C947CCC9E7}"
EndProject
Project("{8BC9CEB8-8B4A-11D0-8D11-00A0C91BC942}") = "UWPOpenIGTLink", "UWPOpenIGTLink\UWPOpenIGTLink\UWPOpenIGTLink.vcxproj", "{341616A4-CFC4-47CF-87E3-58D619B8475A}"
EndProject
Project("{8BC9CEB8-8B4A-11D0-8D11-00A0C91BC942}") = "DirectXTex", "DirectXTex\DirectXTex\DirectXTex_Windows10.vcxproj", "{FB3F52B5-BFE8-43FD-836F-363735DAB738}"
EndProject
Global
	GlobalSection(SolutionConfigurationPlatforms) = preSolution
		Debug|x86 = Debug|x86
		Release|x86 = Release|x86
	EndGlobalSection
	GlobalSection(ProjectConfigurationPlatforms) = postSolution
		{76CA5DBD-F0BF-4AC6-857A-1D4613D90D73}.Debug|x86.ActiveCfg = Debug|Win32
		{76CA5DBD-F0BF-4AC6-857A-1D4613D90D73}.Debug|x86.Build.0 = Debug|Win32
		{76CA5DBD-F0BF-4AC6-857A-1D4613D90D73}.Debug|x86.Deploy.0 = Debug|Win32
		{76CA5DBD-F0BF-4AC6-857A-1D4613D90D73}.Release|x86.ActiveCfg = Release|Win32
		{76CA5DBD-F0BF-4AC6-857A-1D4613D90D73}.Release|x86.Build.0 = Release|Win32
		{76CA5DBD-F0BF-4AC6-857A-1D4613D90D73}.Release|x86.Deploy.0 = Release|Win32
		{F4776924-619C-42C7-88B2-82C947CCC9E7}.Debug|x86.ActiveCfg = Debug|Win32
		{F4776924-619C-42C7-88B2-82C947CCC9E7}.Debug|x86.Build.0 = Debug|Win32
		{F4776924-619C-42C7-88B2-82C947CCC9E7}.Debug|x86.Deploy.0 = Debug|Win32
		{F4776924-619C-42C7-88B2-82C947CCC9E7}.Release|x86.ActiveCfg = Release|Win32
		{F4776924-619C-42C7-88B2-82C947CCC9E7}.Release|x86.Build.0 = Release|Win32
		{341616A4-CFC4-47CF-87E3-58D619B8475A}.Debug|x86.ActiveCfg = Debug|Win32
		{341616A4-CFC4-47CF-87E3-58D619B8475A}.Debug|x86.Build.0 = Debug|Win32
		{341616A4-CFC4-47CF-87E3-58D619B8475A}.Release|x86.ActiveCfg = Release|Win32
		{341616A4-CFC4-47CF-87E3-58D619B8475A}.Release|x86.Build.0 = Release|Win32
		{FB3F52B5-BFE8-43FD-836F-363735DAB738}.Debug|x86.ActiveCfg = Debug|Win32
		{FB3F52B5-BFE8-43FD-836F-363735DAB738}.Debug|x86.Build.0 = Debug|Win32
		{FB3F52B5-BFE8-43FD-836F-363735DAB738}.Release|x86.ActiveCfg = Release|Win32
		{FB3F52B5-BFE8-43FD-836F-363735DAB738}.Release|x86.Build.0 = Release|Win32
	EndGlobalSection
	GlobalSection(SolutionProperties) = preSolution
		HideSolutionNode = FALSE
	EndGlobalSection
EndGlobal
