<?xml version="1.0" encoding="utf-8"?>
<Project ToolsVersion="4.0" xmlns="http://schemas.microsoft.com/developer/msbuild/2003">
  <ItemGroup>
    <ClCompile Include="Source\Systems\Tool\Tool.cpp">
      <Filter>Source\Systems\Tool</Filter>
    </ClCompile>
    <ClCompile Include="Source\Systems\Tool\ToolSystem.cpp">
      <Filter>Source\Systems\Tool</Filter>
    </ClCompile>
    <ClCompile Include="Source\Systems\Task\TaskSystem.cpp">
      <Filter>Source\Systems\Task</Filter>
    </ClCompile>
    <ClCompile Include="Source\Systems\Task\Tasks\RegisterModelTask.cpp">
      <Filter>Source\Systems\Task\Tasks</Filter>
    </ClCompile>
    <ClCompile Include="Source\Systems\Task\Tasks\TargetSphereTask.cpp">
      <Filter>Source\Systems\Task\Tasks</Filter>
    </ClCompile>
    <ClCompile Include="Source\Systems\Splash\SplashSystem.cpp">
      <Filter>Source\Systems\Splash</Filter>
    </ClCompile>
    <ClCompile Include="Source\Systems\Gaze\GazeSystem.cpp">
      <Filter>Source\Systems\Gaze</Filter>
    </ClCompile>
    <ClCompile Include="Source\Systems\Imaging\ImagingSystem.cpp">
      <Filter>Source\Systems\Imaging</Filter>
    </ClCompile>
    <ClCompile Include="Source\Systems\Network\NetworkSystem.cpp">
      <Filter>Source\Systems\Network</Filter>
    </ClCompile>
    <ClCompile Include="Source\Systems\Notification\NotificationSystem.cpp">
      <Filter>Source\Systems\Notification</Filter>
    </ClCompile>
    <ClCompile Include="Source\Systems\Registration\CameraRegistration.cpp">
      <Filter>Source\Systems\Registration</Filter>
    </ClCompile>
    <ClCompile Include="Source\Systems\Registration\ModelAlignmentRegistration.cpp">
      <Filter>Source\Systems\Registration</Filter>
    </ClCompile>
    <ClCompile Include="Source\Systems\Registration\OpticalRegistration.cpp">
      <Filter>Source\Systems\Registration</Filter>
    </ClCompile>
    <ClCompile Include="Source\Systems\Registration\RegistrationSystem.cpp">
      <Filter>Source\Systems\Registration</Filter>
    </ClCompile>
    <ClCompile Include="Source\Systems\Registration\ToolBasedRegistration.cpp">
      <Filter>Source\Systems\Registration</Filter>
    </ClCompile>
    <ClCompile Include="Source\App\AppView.cpp">
      <Filter>Source\App</Filter>
    </ClCompile>
    <ClCompile Include="pch.cpp">
      <Filter>Source</Filter>
    </ClCompile>
  </ItemGroup>
  <ItemGroup>
    <ClInclude Include="Source\Systems\Tool\ToolSystem.h">
      <Filter>Source\Systems\Tool</Filter>
    </ClInclude>
    <ClInclude Include="Source\Systems\Tool\Tool.h">
      <Filter>Source\Systems\Tool</Filter>
    </ClInclude>
    <ClInclude Include="Source\Systems\Task\TaskSystem.h">
      <Filter>Source\Systems\Task</Filter>
    </ClInclude>
    <ClInclude Include="Source\Systems\Task\Tasks\TargetSphereTask.h">
      <Filter>Source\Systems\Task\Tasks</Filter>
    </ClInclude>
    <ClInclude Include="Source\Systems\Task\Tasks\RegisterModelTask.h">
      <Filter>Source\Systems\Task\Tasks</Filter>
    </ClInclude>
    <ClInclude Include="Source\Systems\Splash\SplashSystem.h">
      <Filter>Source\Systems\Splash</Filter>
    </ClInclude>
    <ClInclude Include="Source\Systems\Gaze\GazeSystem.h">
      <Filter>Source\Systems\Gaze</Filter>
    </ClInclude>
    <ClInclude Include="Source\Systems\Imaging\ImagingSystem.h">
      <Filter>Source\Systems\Imaging</Filter>
    </ClInclude>
    <ClInclude Include="Source\Systems\Network\NetworkSystem.h">
      <Filter>Source\Systems\Network</Filter>
    </ClInclude>
    <ClInclude Include="Source\Systems\Notification\NotificationSystem.h">
      <Filter>Source\Systems\Notification</Filter>
    </ClInclude>
    <ClInclude Include="Source\Systems\Registration\ToolBasedRegistration.h">
      <Filter>Source\Systems\Registration</Filter>
    </ClInclude>
    <ClInclude Include="Source\Systems\Registration\CameraRegistration.h">
      <Filter>Source\Systems\Registration</Filter>
    </ClInclude>
    <ClInclude Include="Source\Systems\Registration\IRegistrationMethod.h">
      <Filter>Source\Systems\Registration</Filter>
    </ClInclude>
    <ClInclude Include="Source\Systems\Registration\ModelAlignmentRegistration.h">
      <Filter>Source\Systems\Registration</Filter>
    </ClInclude>
    <ClInclude Include="Source\Systems\Registration\OpticalRegistration.h">
      <Filter>Source\Systems\Registration</Filter>
    </ClInclude>
    <ClInclude Include="Source\Systems\Registration\RegistrationSystem.h">
      <Filter>Source\Systems\Registration</Filter>
    </ClInclude>
    <ClInclude Include="Source\App\AppView.h">
      <Filter>Source\App</Filter>
    </ClInclude>
    <ClInclude Include="pch.h">
      <Filter>Source</Filter>
    </ClInclude>
  </ItemGroup>
  <ItemGroup>
    <Image Include="Assets\LockScreenLogo.scale-200.png">
      <Filter>Assets\Images</Filter>
    </Image>
    <Image Include="Assets\SplashScreen.scale-200.png">
      <Filter>Assets\Images</Filter>
    </Image>
    <Image Include="Assets\Square44x44Logo.scale-200.png">
      <Filter>Assets\Images</Filter>
    </Image>
    <Image Include="Assets\Square44x44Logo.targetsize-24_altform-unplated.png">
      <Filter>Assets\Images</Filter>
    </Image>
    <Image Include="Assets\Square150x150Logo.scale-200.png">
      <Filter>Assets\Images</Filter>
    </Image>
    <Image Include="Assets\Wide310x150Logo.scale-200.png">
      <Filter>Assets\Images</Filter>
    </Image>
    <Image Include="Assets\SplashScreen.scale-400.png">
      <Filter>Assets\Images</Filter>
    </Image>
    <Image Include="Assets\SplashScreen.scale-100.png">
      <Filter>Assets\Images</Filter>
    </Image>
    <Image Include="Assets\Images\HoloIntervention.png">
      <Filter>Assets\Images</Filter>
    </Image>
    <Image Include="Assets\StoreLogo.scale-200.png">
      <Filter>Assets\Images</Filter>
    </Image>
    <Image Include="Assets\StoreLogo.scale-100.png">
      <Filter>Assets\Images</Filter>
    </Image>
    <Image Include="Assets\Textures\side.png">
      <Filter>Assets\Textures</Filter>
    </Image>
  </ItemGroup>
  <ItemGroup>
    <None Include="Assets\Models\gaze_cursor.cmo">
      <Filter>Assets\Models</Filter>
    </None>
    <None Include="Assets\Models\Tools\needle.cmo">
      <Filter>Assets\Models\Tools</Filter>
    </None>
    <None Include="Assets\Models\anchor.cmo">
      <Filter>Assets\Models</Filter>
    </None>
    <None Include="Assets\Models\network_icon.cmo">
      <Filter>Assets\Models</Filter>
    </None>
    <None Include="Assets\Models\camera_icon.cmo">
      <Filter>Assets\Models</Filter>
    </None>
    <None Include="Assets\Models\Tools\hemisphere_stylus.cmo">
      <Filter>Assets\Models\Tools</Filter>
    </None>
    <None Include="Assets\Models\microphone_icon.cmo">
      <Filter>Assets\Models</Filter>
    </None>
    <None Include="Assets\Models\Tools\8700248.cmo">
      <Filter>Assets\Models\Tools</Filter>
    </None>
    <None Include="Assets\Models\Tools\stylus.cmo">
      <Filter>Assets\Models\Tools</Filter>
    </None>
    <None Include="Assets\Models\HoloLens.cmo">
      <Filter>Assets\Models</Filter>
    </None>
    <None Include="Assets\Models\Test\cube.cmo">
      <Filter>Assets\Models\Test</Filter>
    </None>
    <None Include="Assets\Models\Debug\CoordSystem.cmo">
      <Filter>Assets\Models\Debug</Filter>
    </None>
    <None Include="Assets\Models\Tools\heart.cmo">
      <Filter>Assets\Models\Tools</Filter>
    </None>
    <None Include="Assets\Models\satellite.cmo">
      <Filter>Assets\Models</Filter>
    </None>
    <None Include="Assets\Models\Demo\heart.cmo">
      <Filter>Assets\Models\Demo</Filter>
    </None>
    <None Include="Source\App\packages.config">
      <Filter>Source\App</Filter>
    </None>
    <None Include="Source\App\HoloIntervention_TemporaryKey.pfx">
      <Filter>Source\App</Filter>
    </None>
    <None Include="packages.config" />
  </ItemGroup>
  <ItemGroup>
    <Filter Include="Assets">
      <UniqueIdentifier>{74ca8f7e-e0f6-4d44-97fc-967ebecfdfea}</UniqueIdentifier>
    </Filter>
    <Filter Include="Assets\Images">
      <UniqueIdentifier>{2eb48ab8-d115-48b7-8958-d224d0c2ff93}</UniqueIdentifier>
    </Filter>
    <Filter Include="Assets\Models">
      <UniqueIdentifier>{9efc69aa-5b05-4bf7-8741-15ca48e01774}</UniqueIdentifier>
    </Filter>
    <Filter Include="Assets\Sounds">
      <UniqueIdentifier>{745c530a-8dbc-4c10-8d4e-7f19b1fd8759}</UniqueIdentifier>
    </Filter>
    <Filter Include="Assets\Models\Tools">
      <UniqueIdentifier>{bb0e2372-170b-4d40-a51f-55abb6f7d94a}</UniqueIdentifier>
    </Filter>
    <Filter Include="Assets\Data">
      <UniqueIdentifier>{d8ff3f6a-1caf-4488-b74c-77ebe2d90ea5}</UniqueIdentifier>
    </Filter>
    <Filter Include="Assets\Models\Test">
      <UniqueIdentifier>{3f601c69-0118-4e16-91a4-1fb937fe908a}</UniqueIdentifier>
    </Filter>
    <Filter Include="Assets\Textures">
      <UniqueIdentifier>{80178a98-2bc6-4134-ac15-fbb92bd4ad73}</UniqueIdentifier>
    </Filter>
    <Filter Include="Assets\Models\Debug">
      <UniqueIdentifier>{3d742488-8693-44cf-a78f-cd3d9044effa}</UniqueIdentifier>
    </Filter>
    <Filter Include="Assets\Models\Demo">
      <UniqueIdentifier>{1ceeefc2-a7e4-4e68-a992-60a5043d81cd}</UniqueIdentifier>
    </Filter>
    <Filter Include="Source">
      <UniqueIdentifier>{507ac04a-d4d2-4268-8c32-6a5cc166065b}</UniqueIdentifier>
    </Filter>
    <Filter Include="Source\Systems">
      <UniqueIdentifier>{7e576baa-03cd-4bc3-ba22-2a7062c2289f}</UniqueIdentifier>
    </Filter>
    <Filter Include="Source\Systems\Notification">
      <UniqueIdentifier>{828d142c-791a-453d-9db1-729b679a943c}</UniqueIdentifier>
    </Filter>
    <Filter Include="Source\Systems\Gaze">
      <UniqueIdentifier>{df49c6cd-b9fe-4794-bb16-809c49a04ecc}</UniqueIdentifier>
    </Filter>
    <Filter Include="Source\Systems\Tool">
      <UniqueIdentifier>{04e0a418-9a42-43fb-9348-836d4a22974c}</UniqueIdentifier>
    </Filter>
    <Filter Include="Source\Systems\Registration">
      <UniqueIdentifier>{3abd7a54-f6ea-4c27-93d4-194aca8505bd}</UniqueIdentifier>
    </Filter>
    <Filter Include="Source\Systems\Imaging">
      <UniqueIdentifier>{4a1cdeda-e9eb-485e-8933-79c8c9ef49b4}</UniqueIdentifier>
    </Filter>
    <Filter Include="Source\Systems\Splash">
      <UniqueIdentifier>{a1eddbb3-f563-4909-b006-e303e4ec04ac}</UniqueIdentifier>
    </Filter>
    <Filter Include="Source\Systems\Network">
      <UniqueIdentifier>{551d6927-82ba-4055-b2ee-76c3fd3d5093}</UniqueIdentifier>
    </Filter>
    <Filter Include="Source\Systems\Task">
      <UniqueIdentifier>{de4b00b5-0236-4e1a-bcc3-940f1652a4ca}</UniqueIdentifier>
    </Filter>
    <Filter Include="Source\Systems\Task\Tasks">
      <UniqueIdentifier>{4d342565-c9df-414e-b523-fdae587fbd9f}</UniqueIdentifier>
    </Filter>
    <Filter Include="Source\App">
      <UniqueIdentifier>{1f2fbb91-d144-4f6f-bba5-0dc78bdb965f}</UniqueIdentifier>
    </Filter>
  </ItemGroup>
  <ItemGroup>
    <Media Include="Assets\Sounds\input_ok.mp3">
      <Filter>Assets\Sounds</Filter>
    </Media>
    <Media Include="Assets\Sounds\cursor_toggle.wav">
      <Filter>Assets\Sounds</Filter>
    </Media>
    <Media Include="Assets\Sounds\input_fail.mp3">
      <Filter>Assets\Sounds</Filter>
    </Media>
  </ItemGroup>
  <ItemGroup>
    <Xml Include="Assets\Data\configuration.xml">
      <Filter>Assets\Data</Filter>
    </Xml>
  </ItemGroup>
  <ItemGroup>
    <AppxManifest Include="Source\App\Package.appxmanifest">
      <Filter>Source\App</Filter>
    </AppxManifest>
  </ItemGroup>
</Project>