<?xml version="1.0" encoding="utf-8"?>
<Project ToolsVersion="4.0" xmlns="http://schemas.microsoft.com/developer/msbuild/2003">
  <ItemGroup>
    <ClCompile Include="Content\Sound\CardioidSound.cpp">
      <Filter>Content\Sound</Filter>
    </ClCompile>
    <ClCompile Include="Content\Sound\OmnidirectionalSound.cpp">
      <Filter>Content\Sound</Filter>
    </ClCompile>
    <ClCompile Include="Content\Sound\AudioFileReader.cpp">
      <Filter>Content\Sound</Filter>
    </ClCompile>
    <ClCompile Include="AppView.cpp">
      <Filter>Infrastructure</Filter>
    </ClCompile>
    <ClCompile Include="pch.cpp">
      <Filter>Infrastructure</Filter>
    </ClCompile>
    <ClCompile Include="Content\SpatialMapping\SurfaceMesh.cpp">
      <Filter>Content\Spatial</Filter>
    </ClCompile>
    <ClCompile Include="Content\SpatialMapping\SpatialSurfaceCollection.cpp">
      <Filter>Content\Spatial</Filter>
    </ClCompile>
    <ClCompile Include="Content\Rendering\DirectXTK\InstancedEffectCommon.cpp">
      <Filter>Content\Rendering\ModelRenderer\DirectXTK</Filter>
    </ClCompile>
    <ClCompile Include="Content\Rendering\DirectXTK\InstancedEffectFactory.cpp">
      <Filter>Content\Rendering\ModelRenderer\DirectXTK</Filter>
    </ClCompile>
    <ClCompile Include="Content\Rendering\DirectXTK\InstancedBasicEffect.cpp">
      <Filter>Content\Rendering\ModelRenderer\DirectXTK</Filter>
    </ClCompile>
    <ClCompile Include="Content\Rendering\DirectXTK\InstancedGeometricPrimitive.cpp">
      <Filter>Content\Rendering\ModelRenderer\DirectXTK</Filter>
    </ClCompile>
    <ClCompile Include="Content\Systems\Registration\RegistrationSystem.cpp">
      <Filter>Content\Systems\Registration</Filter>
    </ClCompile>
    <ClCompile Include="Content\Systems\Imaging\ImagingSystem.cpp">
      <Filter>Content\Systems\Imaging</Filter>
    </ClCompile>
    <ClCompile Include="Content\Systems\Gaze\GazeSystem.cpp">
      <Filter>Content\Systems\Gaze</Filter>
    </ClCompile>
    <ClCompile Include="Content\Systems\Notification\NotificationSystem.cpp">
      <Filter>Content\Systems\Notification</Filter>
    </ClCompile>
    <ClCompile Include="Content\Systems\Tool\ToolEntry.cpp">
      <Filter>Content\Systems\Tools</Filter>
    </ClCompile>
    <ClCompile Include="Content\Systems\Tool\ToolSystem.cpp">
      <Filter>Content\Systems\Tools</Filter>
    </ClCompile>
    <ClCompile Include="Content\Capture\VideoFrameProcessor.cpp">
      <Filter>Content\Capture</Filter>
    </ClCompile>
    <ClCompile Include="Content\Rendering\Volume\VolumeRenderer.cpp">
      <Filter>Content\Rendering\VolumeRenderer</Filter>
    </ClCompile>
    <ClCompile Include="Core\IEngineComponent.cpp">
      <Filter>Core</Filter>
    </ClCompile>
    <ClCompile Include="Core\HoloInterventionCore.cpp">
      <Filter>Core</Filter>
    </ClCompile>
    <ClCompile Include="Content\Input\VoiceInput.cpp">
      <Filter>Content\Input</Filter>
    </ClCompile>
    <ClCompile Include="Content\Rendering\Volume\BaseTransferFunction.cpp">
      <Filter>Content\Rendering\VolumeRenderer\Transfer Functions</Filter>
    </ClCompile>
    <ClCompile Include="Core\Log.cpp">
      <Filter>Core</Filter>
    </ClCompile>
    <ClCompile Include="Core\Common.cpp">
      <Filter>Core</Filter>
    </ClCompile>
    <ClCompile Include="Core\Rendering\CameraResources.cpp">
      <Filter>Core\Rendering</Filter>
    </ClCompile>
    <ClCompile Include="Core\Rendering\DeviceResources.cpp">
      <Filter>Core\Rendering</Filter>
    </ClCompile>
    <ClCompile Include="Content\Sound\SoundAPI.cpp">
      <Filter>Content\Sound</Filter>
    </ClCompile>
    <ClCompile Include="Content\Physics\PhysicsAPI.cpp">
      <Filter>Content\Physics</Filter>
    </ClCompile>
    <ClCompile Include="Content\Systems\Splash\SplashSystem.cpp">
      <Filter>Content\Systems\Splash</Filter>
    </ClCompile>
    <ClCompile Include="Content\Systems\Network\NetworkSystem.cpp">
      <Filter>Content\Systems\Network</Filter>
    </ClCompile>
    <ClCompile Include="Content\Rendering\Slice\SliceEntry.cpp">
      <Filter>Content\Rendering\SliceRenderer</Filter>
    </ClCompile>
    <ClCompile Include="Content\Rendering\Slice\SliceRenderer.cpp">
      <Filter>Content\Rendering\SliceRenderer</Filter>
    </ClCompile>
    <ClCompile Include="Content\Rendering\Volume\VolumeEntry.cpp">
      <Filter>Content\Rendering\VolumeRenderer</Filter>
    </ClCompile>
    <ClCompile Include="Content\Rendering\Notification\DistanceFieldRenderer.cpp">
      <Filter>Content\Rendering\NotificationRenderer</Filter>
    </ClCompile>
    <ClCompile Include="Content\Rendering\Notification\NotificationRenderer.cpp">
      <Filter>Content\Rendering\NotificationRenderer</Filter>
    </ClCompile>
    <ClCompile Include="Content\Rendering\Notification\TextRenderer.cpp">
      <Filter>Content\Rendering\NotificationRenderer</Filter>
    </ClCompile>
    <ClCompile Include="Content\Rendering\Model\ModelEntry.cpp">
      <Filter>Content\Rendering\ModelRenderer</Filter>
    </ClCompile>
    <ClCompile Include="Content\Rendering\Model\ModelRenderer.cpp">
      <Filter>Content\Rendering\ModelRenderer</Filter>
    </ClCompile>
    <ClCompile Include="Content\Rendering\Mesh\MeshRenderer.cpp">
      <Filter>Content\Rendering\MeshRenderer</Filter>
    </ClCompile>
    <ClCompile Include="Content\Rendering\RenderingCommon.cxx">
      <Filter>Content\Rendering</Filter>
    </ClCompile>
    <ClCompile Include="Content\Algorithms\KalmanFilter.cpp">
      <Filter>Content\Algorithms\Kalman</Filter>
    </ClCompile>
    <ClCompile Include="Content\Input\SpatialInput.cpp">
      <Filter>Content\Input\SpatialInput</Filter>
    </ClCompile>
    <ClCompile Include="Content\Input\SpatialSourceHandler.cpp">
      <Filter>Content\Input\SpatialInput</Filter>
    </ClCompile>
    <ClCompile Include="Content\Systems\Task\TaskSystem.cpp">
      <Filter>Content\Systems\Task</Filter>
    </ClCompile>
    <ClCompile Include="Content\Debug\Debug.cpp">
      <Filter>Content\Debug</Filter>
    </ClCompile>
    <ClCompile Include="Content\Systems\Task\Tasks\RegisterModelTask.cpp">
      <Filter>Content\Systems\Task\Tasks</Filter>
    </ClCompile>
    <ClCompile Include="Content\Algorithms\LandmarkRegistration.cpp">
      <Filter>Content\Algorithms\Registration\Landmark</Filter>
    </ClCompile>
    <ClCompile Include="Content\Systems\Registration\OpticalRegistration.cpp">
      <Filter>Content\Systems\Registration\Optical</Filter>
    </ClCompile>
    <ClCompile Include="Content\Systems\Registration\CameraRegistration.cpp">
      <Filter>Content\Systems\Registration\Camera</Filter>
    </ClCompile>
    <ClCompile Include="Content\Systems\Registration\ToolBasedRegistration.cpp">
      <Filter>Content\Systems\Registration\ToolBased</Filter>
    </ClCompile>
    <ClCompile Include="Content\Systems\Registration\ModelAlignmentRegistration.cpp">
      <Filter>Content\Systems\Registration\ModelAlignment</Filter>
    </ClCompile>
    <ClCompile Include="Content\UI\IconEntry.cpp">
      <Filter>Content\UI</Filter>
    </ClCompile>
    <ClCompile Include="Content\Math\MathCommon.cpp">
      <Filter>Content\Math</Filter>
    </ClCompile>
    <ClCompile Include="Content\UI\Icons.cpp">
      <Filter>Content\UI</Filter>
    </ClCompile>
    <ClCompile Include="Content\Algorithms\PointToLineRegistration.cpp">
      <Filter>Content\Algorithms\Registration\PointToLine</Filter>
    </ClCompile>
    <ClCompile Include="Content\Algorithms\PointToPlaneRegistration.cpp">
      <Filter>Content\Algorithms\Registration\PointToPlane</Filter>
    </ClCompile>
    <ClCompile Include="Core\ILocatable.cpp">
      <Filter>Core</Filter>
    </ClCompile>
    <ClCompile Include="Content\Systems\Task\Tasks\TargetSphereTask.cpp">
      <Filter>Content\Systems\Task\Tasks</Filter>
    </ClCompile>
  </ItemGroup>
  <ItemGroup>
    <ClInclude Include="Content\Sound\OmnidirectionalSound.h">
      <Filter>Content\Sound</Filter>
    </ClInclude>
    <ClInclude Include="Content\Sound\CardioidSound.h">
      <Filter>Content\Sound</Filter>
    </ClInclude>
    <ClInclude Include="Content\Sound\AudioFileReader.h">
      <Filter>Content\Sound</Filter>
    </ClInclude>
    <ClInclude Include="AppView.h">
      <Filter>Infrastructure</Filter>
    </ClInclude>
    <ClInclude Include="pch.h">
      <Filter>Infrastructure</Filter>
    </ClInclude>
    <ClInclude Include="Content\SpatialMapping\SurfaceMesh.h">
      <Filter>Content\Spatial</Filter>
    </ClInclude>
    <ClInclude Include="Content\SpatialMapping\SpatialSurfaceCollection.h">
      <Filter>Content\Spatial</Filter>
    </ClInclude>
    <ClInclude Include="Content\Rendering\DirectXTK\InstancedEffectCommon.h">
      <Filter>Content\Rendering\ModelRenderer\DirectXTK</Filter>
    </ClInclude>
    <ClInclude Include="Content\Rendering\DirectXTK\InstancedEffects.h">
      <Filter>Content\Rendering\ModelRenderer\DirectXTK</Filter>
    </ClInclude>
    <ClInclude Include="Content\Rendering\DirectXTK\InstancedGeometricPrimitive.h">
      <Filter>Content\Rendering\ModelRenderer\DirectXTK</Filter>
    </ClInclude>
    <ClInclude Include="Content\Systems\Registration\RegistrationSystem.h">
      <Filter>Content\Systems\Registration</Filter>
    </ClInclude>
    <ClInclude Include="Content\Systems\Imaging\ImagingSystem.h">
      <Filter>Content\Systems\Imaging</Filter>
    </ClInclude>
    <ClInclude Include="Content\Systems\Gaze\GazeSystem.h">
      <Filter>Content\Systems\Gaze</Filter>
    </ClInclude>
    <ClInclude Include="Content\Systems\Notification\NotificationSystem.h">
      <Filter>Content\Systems\Notification</Filter>
    </ClInclude>
    <ClInclude Include="Content\Systems\Tool\ToolEntry.h">
      <Filter>Content\Systems\Tools</Filter>
    </ClInclude>
    <ClInclude Include="Content\Systems\Tool\ToolSystem.h">
      <Filter>Content\Systems\Tools</Filter>
    </ClInclude>
    <ClInclude Include="Content\Capture\VideoFrameProcessor.h">
      <Filter>Content\Capture</Filter>
    </ClInclude>
    <ClInclude Include="Content\Rendering\Volume\VolumeRenderer.h">
      <Filter>Content\Rendering\VolumeRenderer</Filter>
    </ClInclude>
    <ClInclude Include="Core\IEngineComponent.h">
      <Filter>Core</Filter>
    </ClInclude>
    <ClInclude Include="Core\HoloInterventionCore.h">
      <Filter>Core</Filter>
    </ClInclude>
    <ClInclude Include="Content\Input\VoiceInput.h">
      <Filter>Content\Input</Filter>
    </ClInclude>
    <ClInclude Include="Content\Input\VoiceCallback.h">
      <Filter>Content\Input</Filter>
    </ClInclude>
    <ClInclude Include="Content\Input\IVoiceInput.h">
      <Filter>Content\Input</Filter>
    </ClInclude>
    <ClInclude Include="Content\Rendering\Volume\PiecewiseLinearTransferFunction.h">
      <Filter>Content\Rendering\VolumeRenderer\Transfer Functions</Filter>
    </ClInclude>
    <ClInclude Include="Content\Rendering\Volume\TransferFunctionLookupTable.h">
      <Filter>Content\Rendering\VolumeRenderer\Transfer Functions</Filter>
    </ClInclude>
    <ClInclude Include="Content\Rendering\Volume\BaseTransferFunction.h">
      <Filter>Content\Rendering\VolumeRenderer\Transfer Functions</Filter>
    </ClInclude>
    <ClInclude Include="Content\Rendering\RenderingCommon.h">
      <Filter>Content\Rendering</Filter>
    </ClInclude>
    <ClInclude Include="Core\Log.h">
      <Filter>Core</Filter>
    </ClInclude>
    <ClInclude Include="Core\IStabilizedComponent.h">
      <Filter>Core</Filter>
    </ClInclude>
    <ClInclude Include="Core\StepTimer.h">
      <Filter>Core</Filter>
    </ClInclude>
    <ClInclude Include="Core\Common.h">
      <Filter>Core</Filter>
    </ClInclude>
    <ClInclude Include="Core\Rendering\DirectXHelper.h">
      <Filter>Core\Rendering</Filter>
    </ClInclude>
    <ClInclude Include="Core\Rendering\CameraResources.h">
      <Filter>Core\Rendering</Filter>
    </ClInclude>
    <ClInclude Include="Core\Rendering\DeviceResources.h">
      <Filter>Core\Rendering</Filter>
    </ClInclude>
    <ClInclude Include="Content\Sound\SoundAPI.h">
      <Filter>Content\Sound</Filter>
    </ClInclude>
    <ClInclude Include="Content\Physics\PhysicsAPI.h">
      <Filter>Content\Physics</Filter>
    </ClInclude>
    <ClInclude Include="Content\Systems\Splash\SplashSystem.h">
      <Filter>Content\Systems\Splash</Filter>
    </ClInclude>
    <ClInclude Include="Content\Systems\Network\NetworkSystem.h">
      <Filter>Content\Systems\Network</Filter>
    </ClInclude>
    <ClInclude Include="Content\Rendering\Slice\SliceRenderer.h">
      <Filter>Content\Rendering\SliceRenderer</Filter>
    </ClInclude>
    <ClInclude Include="Content\Rendering\Slice\SliceEntry.h">
      <Filter>Content\Rendering\SliceRenderer</Filter>
    </ClInclude>
    <ClInclude Include="Content\Rendering\Volume\VolumeEntry.h">
      <Filter>Content\Rendering\VolumeRenderer</Filter>
    </ClInclude>
    <ClInclude Include="Content\Rendering\Notification\TextRenderer.h">
      <Filter>Content\Rendering\NotificationRenderer</Filter>
    </ClInclude>
    <ClInclude Include="Content\Rendering\Notification\DistanceFieldRenderer.h">
      <Filter>Content\Rendering\NotificationRenderer</Filter>
    </ClInclude>
    <ClInclude Include="Content\Rendering\Notification\NotificationRenderer.h">
      <Filter>Content\Rendering\NotificationRenderer</Filter>
    </ClInclude>
    <ClInclude Include="Content\Rendering\Model\ModelEntry.h">
      <Filter>Content\Rendering\ModelRenderer</Filter>
    </ClInclude>
    <ClInclude Include="Content\Rendering\Model\ModelRenderer.h">
      <Filter>Content\Rendering\ModelRenderer</Filter>
    </ClInclude>
    <ClInclude Include="Content\Rendering\Mesh\MeshRenderer.h">
      <Filter>Content\Rendering\MeshRenderer</Filter>
    </ClInclude>
    <ClInclude Include="Core\IConfigurable.h">
      <Filter>Core</Filter>
    </ClInclude>
    <ClInclude Include="Content\Algorithms\KalmanFilter.h">
      <Filter>Content\Algorithms\Kalman</Filter>
    </ClInclude>
    <ClInclude Include="Core\Configuration.h">
      <Filter>Core</Filter>
    </ClInclude>
    <ClInclude Include="Content\Input\SpatialInput.h">
      <Filter>Content\Input\SpatialInput</Filter>
    </ClInclude>
    <ClInclude Include="Content\Input\SpatialSourceHandler.h">
      <Filter>Content\Input\SpatialInput</Filter>
    </ClInclude>
    <ClInclude Include="Content\Systems\Task\TaskSystem.h">
      <Filter>Content\Systems\Task</Filter>
    </ClInclude>
    <ClInclude Include="Content\Debug\Debug.h">
      <Filter>Content\Debug</Filter>
    </ClInclude>
    <ClInclude Include="Content\Systems\Task\Tasks\RegisterModelTask.h">
      <Filter>Content\Systems\Task\Tasks</Filter>
    </ClInclude>
    <ClInclude Include="Content\Algorithms\LandmarkRegistration.h">
      <Filter>Content\Algorithms\Registration\Landmark</Filter>
    </ClInclude>
    <ClInclude Include="Content\Systems\Registration\IRegistrationMethod.h">
      <Filter>Content\Systems\Registration</Filter>
    </ClInclude>
    <ClInclude Include="Content\Systems\Registration\OpticalRegistration.h">
      <Filter>Content\Systems\Registration\Optical</Filter>
    </ClInclude>
    <ClInclude Include="Content\Systems\Registration\CameraRegistration.h">
      <Filter>Content\Systems\Registration\Camera</Filter>
    </ClInclude>
    <ClInclude Include="Content\Systems\Registration\ToolBasedRegistration.h">
      <Filter>Content\Systems\Registration\ToolBased</Filter>
    </ClInclude>
    <ClInclude Include="Content\Systems\Registration\ModelAlignmentRegistration.h">
      <Filter>Content\Systems\Registration\ModelAlignment</Filter>
    </ClInclude>
    <ClInclude Include="Content\UI\IconEntry.h">
      <Filter>Content\UI</Filter>
    </ClInclude>
    <ClInclude Include="Content\Math\MathCommon.h">
      <Filter>Content\Math</Filter>
    </ClInclude>
    <ClInclude Include="Content\UI\Icons.h">
      <Filter>Content\UI</Filter>
    </ClInclude>
    <ClInclude Include="Content\Algorithms\PointToLineRegistration.h">
      <Filter>Content\Algorithms\Registration\PointToLine</Filter>
    </ClInclude>
    <ClInclude Include="Content\Algorithms\PointToPlaneRegistration.h">
      <Filter>Content\Algorithms\Registration\PointToPlane</Filter>
    </ClInclude>
    <ClInclude Include="Core\ILocatable.h">
      <Filter>Core</Filter>
    </ClInclude>
    <ClInclude Include="Content\Systems\Task\Tasks\TargetSphereTask.h">
      <Filter>Content\Systems\Task\Tasks</Filter>
    </ClInclude>
  </ItemGroup>
  <ItemGroup>
    <Image Include="Assets\LockScreenLogo.scale-200.png">
      <Filter>Assets\Images</Filter>
    </Image>
    <Image Include="Assets\SplashScreen.scale-200.png">
      <Filter>Assets\Images</Filter>
    </Image>
    <Image Include="Assets\Square44x44Logo.scale-200.png">
      <Filter>Assets\Images</Filter>
    </Image>
    <Image Include="Assets\Square44x44Logo.targetsize-24_altform-unplated.png">
      <Filter>Assets\Images</Filter>
    </Image>
    <Image Include="Assets\Square150x150Logo.scale-200.png">
      <Filter>Assets\Images</Filter>
    </Image>
    <Image Include="Assets\Wide310x150Logo.scale-200.png">
      <Filter>Assets\Images</Filter>
    </Image>
    <Image Include="Assets\SplashScreen.scale-400.png">
      <Filter>Assets\Images</Filter>
    </Image>
    <Image Include="Assets\SplashScreen.scale-100.png">
      <Filter>Assets\Images</Filter>
    </Image>
    <Image Include="Assets\Images\HoloIntervention.png">
      <Filter>Assets\Images</Filter>
    </Image>
    <Image Include="Assets\StoreLogo.scale-200.png">
      <Filter>Assets\Images</Filter>
    </Image>
    <Image Include="Assets\StoreLogo.scale-100.png">
      <Filter>Assets\Images</Filter>
    </Image>
    <Image Include="Assets\Textures\side.png">
      <Filter>Assets\Textures</Filter>
    </Image>
  </ItemGroup>
  <ItemGroup>
    <None Include="HoloIntervention_TemporaryKey.pfx">
      <Filter>Infrastructure</Filter>
    </None>
    <None Include="Content\Rendering\Shaders\InstancedBasicEffect.fx">
      <Filter>Content\Rendering\ModelRenderer\DirectXTK\Shaders</Filter>
    </None>
    <None Include="Assets\Models\gaze_cursor.cmo">
      <Filter>Assets\Models</Filter>
    </None>
    <None Include="Assets\Models\Tools\needle.cmo">
      <Filter>Assets\Models\Tools</Filter>
    </None>
    <None Include="Assets\Models\anchor.cmo">
      <Filter>Assets\Models</Filter>
    </None>
    <None Include="Assets\Models\network_icon.cmo">
      <Filter>Assets\Models</Filter>
    </None>
    <None Include="Assets\Models\camera_icon.cmo">
      <Filter>Assets\Models</Filter>
    </None>
    <None Include="Assets\Models\Tools\hemisphere_stylus.cmo">
      <Filter>Assets\Models\Tools</Filter>
    </None>
    <None Include="Assets\Models\microphone_icon.cmo">
      <Filter>Assets\Models</Filter>
    </None>
    <None Include="Content\Rendering\Shaders\Compiled\InstancedBasicEffect_VSBasicVertexLightingVc_VPRT.inc">
      <Filter>Content\Rendering\ModelRenderer\DirectXTK\Shaders\Compiled</Filter>
    </None>
    <None Include="Content\Rendering\Shaders\Compiled\InstancedBasicEffect_PSBasic.inc">
      <Filter>Content\Rendering\ModelRenderer\DirectXTK\Shaders\Compiled</Filter>
    </None>
    <None Include="Content\Rendering\Shaders\Compiled\InstancedBasicEffect_PSBasicNoFog.inc">
      <Filter>Content\Rendering\ModelRenderer\DirectXTK\Shaders\Compiled</Filter>
    </None>
    <None Include="Content\Rendering\Shaders\Compiled\InstancedBasicEffect_PSBasicPixelLighting.inc">
      <Filter>Content\Rendering\ModelRenderer\DirectXTK\Shaders\Compiled</Filter>
    </None>
    <None Include="Content\Rendering\Shaders\Compiled\InstancedBasicEffect_PSBasicPixelLightingTx.inc">
      <Filter>Content\Rendering\ModelRenderer\DirectXTK\Shaders\Compiled</Filter>
    </None>
    <None Include="Content\Rendering\Shaders\Compiled\InstancedBasicEffect_PSBasicTx.inc">
      <Filter>Content\Rendering\ModelRenderer\DirectXTK\Shaders\Compiled</Filter>
    </None>
    <None Include="Content\Rendering\Shaders\Compiled\InstancedBasicEffect_PSBasicTxNoFog.inc">
      <Filter>Content\Rendering\ModelRenderer\DirectXTK\Shaders\Compiled</Filter>
    </None>
    <None Include="Content\Rendering\Shaders\Compiled\InstancedBasicEffect_PSBasicVertexLighting.inc">
      <Filter>Content\Rendering\ModelRenderer\DirectXTK\Shaders\Compiled</Filter>
    </None>
    <None Include="Content\Rendering\Shaders\Compiled\InstancedBasicEffect_PSBasicVertexLightingNoFog.inc">
      <Filter>Content\Rendering\ModelRenderer\DirectXTK\Shaders\Compiled</Filter>
    </None>
    <None Include="Content\Rendering\Shaders\Compiled\InstancedBasicEffect_PSBasicVertexLightingTx.inc">
      <Filter>Content\Rendering\ModelRenderer\DirectXTK\Shaders\Compiled</Filter>
    </None>
    <None Include="Content\Rendering\Shaders\Compiled\InstancedBasicEffect_PSBasicVertexLightingTxNoFog.inc">
      <Filter>Content\Rendering\ModelRenderer\DirectXTK\Shaders\Compiled</Filter>
    </None>
    <None Include="Content\Rendering\Shaders\Compiled\InstancedBasicEffect_VSBasic.inc">
      <Filter>Content\Rendering\ModelRenderer\DirectXTK\Shaders\Compiled</Filter>
    </None>
    <None Include="Content\Rendering\Shaders\Compiled\InstancedBasicEffect_VSBasic_VPRT.inc">
      <Filter>Content\Rendering\ModelRenderer\DirectXTK\Shaders\Compiled</Filter>
    </None>
    <None Include="Content\Rendering\Shaders\Compiled\InstancedBasicEffect_VSBasicNoFog.inc">
      <Filter>Content\Rendering\ModelRenderer\DirectXTK\Shaders\Compiled</Filter>
    </None>
    <None Include="Content\Rendering\Shaders\Compiled\InstancedBasicEffect_VSBasicNoFog_VPRT.inc">
      <Filter>Content\Rendering\ModelRenderer\DirectXTK\Shaders\Compiled</Filter>
    </None>
    <None Include="Content\Rendering\Shaders\Compiled\InstancedBasicEffect_VSBasicOneLight.inc">
      <Filter>Content\Rendering\ModelRenderer\DirectXTK\Shaders\Compiled</Filter>
    </None>
    <None Include="Content\Rendering\Shaders\Compiled\InstancedBasicEffect_VSBasicOneLight_VPRT.inc">
      <Filter>Content\Rendering\ModelRenderer\DirectXTK\Shaders\Compiled</Filter>
    </None>
    <None Include="Content\Rendering\Shaders\Compiled\InstancedBasicEffect_VSBasicOneLightTx.inc">
      <Filter>Content\Rendering\ModelRenderer\DirectXTK\Shaders\Compiled</Filter>
    </None>
    <None Include="Content\Rendering\Shaders\Compiled\InstancedBasicEffect_VSBasicOneLightTx_VPRT.inc">
      <Filter>Content\Rendering\ModelRenderer\DirectXTK\Shaders\Compiled</Filter>
    </None>
    <None Include="Content\Rendering\Shaders\Compiled\InstancedBasicEffect_VSBasicOneLightTxVc.inc">
      <Filter>Content\Rendering\ModelRenderer\DirectXTK\Shaders\Compiled</Filter>
    </None>
    <None Include="Content\Rendering\Shaders\Compiled\InstancedBasicEffect_VSBasicOneLightTxVc_VPRT.inc">
      <Filter>Content\Rendering\ModelRenderer\DirectXTK\Shaders\Compiled</Filter>
    </None>
    <None Include="Content\Rendering\Shaders\Compiled\InstancedBasicEffect_VSBasicOneLightVc.inc">
      <Filter>Content\Rendering\ModelRenderer\DirectXTK\Shaders\Compiled</Filter>
    </None>
    <None Include="Content\Rendering\Shaders\Compiled\InstancedBasicEffect_VSBasicOneLightVc_VPRT.inc">
      <Filter>Content\Rendering\ModelRenderer\DirectXTK\Shaders\Compiled</Filter>
    </None>
    <None Include="Content\Rendering\Shaders\Compiled\InstancedBasicEffect_VSBasicPixelLighting.inc">
      <Filter>Content\Rendering\ModelRenderer\DirectXTK\Shaders\Compiled</Filter>
    </None>
    <None Include="Content\Rendering\Shaders\Compiled\InstancedBasicEffect_VSBasicPixelLighting_VPRT.inc">
      <Filter>Content\Rendering\ModelRenderer\DirectXTK\Shaders\Compiled</Filter>
    </None>
    <None Include="Content\Rendering\Shaders\Compiled\InstancedBasicEffect_VSBasicPixelLightingTx.inc">
      <Filter>Content\Rendering\ModelRenderer\DirectXTK\Shaders\Compiled</Filter>
    </None>
    <None Include="Content\Rendering\Shaders\Compiled\InstancedBasicEffect_VSBasicPixelLightingTx_VPRT.inc">
      <Filter>Content\Rendering\ModelRenderer\DirectXTK\Shaders\Compiled</Filter>
    </None>
    <None Include="Content\Rendering\Shaders\Compiled\InstancedBasicEffect_VSBasicPixelLightingTxVc.inc">
      <Filter>Content\Rendering\ModelRenderer\DirectXTK\Shaders\Compiled</Filter>
    </None>
    <None Include="Content\Rendering\Shaders\Compiled\InstancedBasicEffect_VSBasicPixelLightingTxVc_VPRT.inc">
      <Filter>Content\Rendering\ModelRenderer\DirectXTK\Shaders\Compiled</Filter>
    </None>
    <None Include="Content\Rendering\Shaders\Compiled\InstancedBasicEffect_VSBasicPixelLightingVc.inc">
      <Filter>Content\Rendering\ModelRenderer\DirectXTK\Shaders\Compiled</Filter>
    </None>
    <None Include="Content\Rendering\Shaders\Compiled\InstancedBasicEffect_VSBasicPixelLightingVc_VPRT.inc">
      <Filter>Content\Rendering\ModelRenderer\DirectXTK\Shaders\Compiled</Filter>
    </None>
    <None Include="Content\Rendering\Shaders\Compiled\InstancedBasicEffect_VSBasicTx.inc">
      <Filter>Content\Rendering\ModelRenderer\DirectXTK\Shaders\Compiled</Filter>
    </None>
    <None Include="Content\Rendering\Shaders\Compiled\InstancedBasicEffect_VSBasicTx_VPRT.inc">
      <Filter>Content\Rendering\ModelRenderer\DirectXTK\Shaders\Compiled</Filter>
    </None>
    <None Include="Content\Rendering\Shaders\Compiled\InstancedBasicEffect_VSBasicTxNoFog.inc">
      <Filter>Content\Rendering\ModelRenderer\DirectXTK\Shaders\Compiled</Filter>
    </None>
    <None Include="Content\Rendering\Shaders\Compiled\InstancedBasicEffect_VSBasicTxNoFog_VPRT.inc">
      <Filter>Content\Rendering\ModelRenderer\DirectXTK\Shaders\Compiled</Filter>
    </None>
    <None Include="Content\Rendering\Shaders\Compiled\InstancedBasicEffect_VSBasicTxVc.inc">
      <Filter>Content\Rendering\ModelRenderer\DirectXTK\Shaders\Compiled</Filter>
    </None>
    <None Include="Content\Rendering\Shaders\Compiled\InstancedBasicEffect_VSBasicTxVc_VPRT.inc">
      <Filter>Content\Rendering\ModelRenderer\DirectXTK\Shaders\Compiled</Filter>
    </None>
    <None Include="Content\Rendering\Shaders\Compiled\InstancedBasicEffect_VSBasicTxVcNoFog.inc">
      <Filter>Content\Rendering\ModelRenderer\DirectXTK\Shaders\Compiled</Filter>
    </None>
    <None Include="Content\Rendering\Shaders\Compiled\InstancedBasicEffect_VSBasicTxVcNoFog_VPRT.inc">
      <Filter>Content\Rendering\ModelRenderer\DirectXTK\Shaders\Compiled</Filter>
    </None>
    <None Include="Content\Rendering\Shaders\Compiled\InstancedBasicEffect_VSBasicVc.inc">
      <Filter>Content\Rendering\ModelRenderer\DirectXTK\Shaders\Compiled</Filter>
    </None>
    <None Include="Content\Rendering\Shaders\Compiled\InstancedBasicEffect_VSBasicVc_VPRT.inc">
      <Filter>Content\Rendering\ModelRenderer\DirectXTK\Shaders\Compiled</Filter>
    </None>
    <None Include="Content\Rendering\Shaders\Compiled\InstancedBasicEffect_VSBasicVcNoFog.inc">
      <Filter>Content\Rendering\ModelRenderer\DirectXTK\Shaders\Compiled</Filter>
    </None>
    <None Include="Content\Rendering\Shaders\Compiled\InstancedBasicEffect_VSBasicVcNoFog_VPRT.inc">
      <Filter>Content\Rendering\ModelRenderer\DirectXTK\Shaders\Compiled</Filter>
    </None>
    <None Include="Content\Rendering\Shaders\Compiled\InstancedBasicEffect_VSBasicVertexLighting.inc">
      <Filter>Content\Rendering\ModelRenderer\DirectXTK\Shaders\Compiled</Filter>
    </None>
    <None Include="Content\Rendering\Shaders\Compiled\InstancedBasicEffect_VSBasicVertexLighting_VPRT.inc">
      <Filter>Content\Rendering\ModelRenderer\DirectXTK\Shaders\Compiled</Filter>
    </None>
    <None Include="Content\Rendering\Shaders\Compiled\InstancedBasicEffect_VSBasicVertexLightingTx.inc">
      <Filter>Content\Rendering\ModelRenderer\DirectXTK\Shaders\Compiled</Filter>
    </None>
    <None Include="Content\Rendering\Shaders\Compiled\InstancedBasicEffect_VSBasicVertexLightingTx_VPRT.inc">
      <Filter>Content\Rendering\ModelRenderer\DirectXTK\Shaders\Compiled</Filter>
    </None>
    <None Include="Content\Rendering\Shaders\Compiled\InstancedBasicEffect_VSBasicVertexLightingTxVc.inc">
      <Filter>Content\Rendering\ModelRenderer\DirectXTK\Shaders\Compiled</Filter>
    </None>
    <None Include="Content\Rendering\Shaders\Compiled\InstancedBasicEffect_VSBasicVertexLightingTxVc_VPRT.inc">
      <Filter>Content\Rendering\ModelRenderer\DirectXTK\Shaders\Compiled</Filter>
    </None>
    <None Include="Content\Rendering\Shaders\Compiled\InstancedBasicEffect_VSBasicVertexLightingVc.inc">
      <Filter>Content\Rendering\ModelRenderer\DirectXTK\Shaders\Compiled</Filter>
    </None>
    <None Include="Content\Rendering\Shaders\InstancedCommon.fxh">
      <Filter>Content\Rendering\ModelRenderer\DirectXTK\Shaders\Shared</Filter>
    </None>
    <None Include="Content\Rendering\Shaders\InstancedLighting.fxh">
      <Filter>Content\Rendering\ModelRenderer\DirectXTK\Shaders\Shared</Filter>
    </None>
    <None Include="Content\Rendering\Shaders\InstancedStructures.fxh">
      <Filter>Content\Rendering\ModelRenderer\DirectXTK\Shaders\Shared</Filter>
    </None>
    <None Include="Core\Common.txx">
      <Filter>Core</Filter>
    </None>
    <None Include="packages.config">
      <Filter>Infrastructure</Filter>
    </None>
    <None Include="Assets\Models\Tools\8700248.cmo">
      <Filter>Assets\Models\Tools</Filter>
    </None>
    <None Include="Assets\Models\Tools\stylus.cmo">
      <Filter>Assets\Models\Tools</Filter>
    </None>
    <None Include="Assets\Models\HoloLens.cmo">
      <Filter>Assets\Models</Filter>
    </None>
    <None Include="Assets\Models\Test\cube.cmo">
      <Filter>Assets\Models\Test</Filter>
    </None>
    <None Include="Assets\Models\Debug\CoordSystem.cmo">
      <Filter>Assets\Models\Debug</Filter>
    </None>
    <None Include="Assets\Models\Tools\heart.cmo">
      <Filter>Assets\Models\Tools</Filter>
    </None>
    <None Include="Assets\Models\heart.cmo">
      <Filter>Assets\Models\Demo</Filter>
    </None>
    <None Include="Assets\Models\satellite.cmo">
      <Filter>Assets\Models</Filter>
    </None>
  </ItemGroup>
  <ItemGroup>
    <Filter Include="Content">
      <UniqueIdentifier>{507ac04a-d4d2-4268-8c32-6a5cc166065b}</UniqueIdentifier>
    </Filter>
    <Filter Include="Assets">
      <UniqueIdentifier>{74ca8f7e-e0f6-4d44-97fc-967ebecfdfea}</UniqueIdentifier>
    </Filter>
    <Filter Include="Content\Rendering">
      <UniqueIdentifier>{f3c8fff4-d384-41c3-88f8-5e2d69cb3d4a}</UniqueIdentifier>
    </Filter>
    <Filter Include="Content\Input">
      <UniqueIdentifier>{9132ee02-53bc-432a-ac22-75dcf34aa9b5}</UniqueIdentifier>
    </Filter>
    <Filter Include="Content\Sound">
      <UniqueIdentifier>{031e77a3-6751-4cb2-ad0e-b25982ce2362}</UniqueIdentifier>
    </Filter>
    <Filter Include="Infrastructure">
      <UniqueIdentifier>{88e029e1-6999-4f08-8aa0-7ef8f99bc1b0}</UniqueIdentifier>
    </Filter>
    <Filter Include="Content\Rendering\SliceRenderer">
      <UniqueIdentifier>{f53e7e45-1f03-4161-8e8e-99913c61a68b}</UniqueIdentifier>
    </Filter>
    <Filter Include="Content\Rendering\NotificationRenderer">
      <UniqueIdentifier>{962c0785-e23d-44f3-ab22-6a930f120da0}</UniqueIdentifier>
    </Filter>
    <Filter Include="Content\Rendering\NotificationRenderer\Shaders">
      <UniqueIdentifier>{cc91b419-8bde-4091-b350-52d842d0dbcd}</UniqueIdentifier>
    </Filter>
    <Filter Include="Content\Rendering\NotificationRenderer\Shaders\NotificationRenderer">
      <UniqueIdentifier>{9f0bc8f6-897c-4546-9772-3d3fafc172d1}</UniqueIdentifier>
    </Filter>
    <Filter Include="Content\Rendering\NotificationRenderer\Shaders\DistanceFieldRenderer">
      <UniqueIdentifier>{320080b2-5521-45fc-b18a-2d51c36702c3}</UniqueIdentifier>
    </Filter>
    <Filter Include="Content\Rendering\SliceRenderer\Shaders">
      <UniqueIdentifier>{ed7455e3-3b7a-43be-9d87-196368144a64}</UniqueIdentifier>
    </Filter>
    <Filter Include="Content\Rendering\ModelRenderer">
      <UniqueIdentifier>{210b5bfc-d11d-4b28-a27c-1805392f5899}</UniqueIdentifier>
    </Filter>
    <Filter Include="Content\Rendering\ModelRenderer\DirectXTK">
      <UniqueIdentifier>{ac74860e-d1dd-4505-a825-922102bf91af}</UniqueIdentifier>
    </Filter>
    <Filter Include="Content\Systems">
      <UniqueIdentifier>{7e576baa-03cd-4bc3-ba22-2a7062c2289f}</UniqueIdentifier>
    </Filter>
    <Filter Include="Content\Systems\Notification">
      <UniqueIdentifier>{828d142c-791a-453d-9db1-729b679a943c}</UniqueIdentifier>
    </Filter>
    <Filter Include="Content\Systems\Gaze">
      <UniqueIdentifier>{df49c6cd-b9fe-4794-bb16-809c49a04ecc}</UniqueIdentifier>
    </Filter>
    <Filter Include="Content\Rendering\Geometry Shaders">
      <UniqueIdentifier>{e3f2040d-dfd3-418f-8209-0f02e7887cc0}</UniqueIdentifier>
    </Filter>
    <Filter Include="Content\Rendering\ModelRenderer\DirectXTK\Shaders">
      <UniqueIdentifier>{a66cb79e-3bd1-49ab-bb5e-5f90ae7059ae}</UniqueIdentifier>
    </Filter>
    <Filter Include="Assets\Images">
      <UniqueIdentifier>{2eb48ab8-d115-48b7-8958-d224d0c2ff93}</UniqueIdentifier>
    </Filter>
    <Filter Include="Assets\Models">
      <UniqueIdentifier>{9efc69aa-5b05-4bf7-8741-15ca48e01774}</UniqueIdentifier>
    </Filter>
    <Filter Include="Assets\Sounds">
      <UniqueIdentifier>{745c530a-8dbc-4c10-8d4e-7f19b1fd8759}</UniqueIdentifier>
    </Filter>
    <Filter Include="Content\Rendering\ModelRenderer\DirectXTK\Shaders\Compiled">
      <UniqueIdentifier>{a9df8600-d7b1-4152-9eb6-9ffc512e3f70}</UniqueIdentifier>
    </Filter>
    <Filter Include="Content\Systems\Tools">
      <UniqueIdentifier>{04e0a418-9a42-43fb-9348-836d4a22974c}</UniqueIdentifier>
    </Filter>
    <Filter Include="Assets\Models\Tools">
      <UniqueIdentifier>{bb0e2372-170b-4d40-a51f-55abb6f7d94a}</UniqueIdentifier>
    </Filter>
    <Filter Include="Assets\Data">
      <UniqueIdentifier>{d8ff3f6a-1caf-4488-b74c-77ebe2d90ea5}</UniqueIdentifier>
    </Filter>
    <Filter Include="Content\Spatial">
      <UniqueIdentifier>{8bb4f3fd-9ef8-4ef9-8452-9539e6344ece}</UniqueIdentifier>
    </Filter>
    <Filter Include="Content\Spatial\Shaders">
      <UniqueIdentifier>{cf251a3f-b817-4279-80f7-9f2bc80047d7}</UniqueIdentifier>
    </Filter>
    <Filter Include="Content\Systems\Registration">
      <UniqueIdentifier>{3abd7a54-f6ea-4c27-93d4-194aca8505bd}</UniqueIdentifier>
    </Filter>
    <Filter Include="Content\Systems\Imaging">
      <UniqueIdentifier>{4a1cdeda-e9eb-485e-8933-79c8c9ef49b4}</UniqueIdentifier>
    </Filter>
    <Filter Include="Content\Capture">
      <UniqueIdentifier>{1037916d-19bc-4828-8cac-31114b66c211}</UniqueIdentifier>
    </Filter>
    <Filter Include="Content\Rendering\VolumeRenderer">
      <UniqueIdentifier>{d22f4c2b-7162-4cf5-848c-5bcc5d97f8ad}</UniqueIdentifier>
    </Filter>
    <Filter Include="Content\Rendering\VolumeRenderer\Transfer Functions">
      <UniqueIdentifier>{4b1ec331-0062-4861-a5f4-211658ef1db6}</UniqueIdentifier>
    </Filter>
    <Filter Include="Content\Rendering\VolumeRenderer\Shaders">
      <UniqueIdentifier>{008c216f-e2c3-4c3f-8558-d63cac5e03db}</UniqueIdentifier>
    </Filter>
    <Filter Include="Core">
      <UniqueIdentifier>{0508fb3b-5346-4e2e-9fc6-f720b2bf9c87}</UniqueIdentifier>
    </Filter>
    <Filter Include="Core\Rendering">
      <UniqueIdentifier>{95d794f9-895c-466e-a741-249b2e0914d8}</UniqueIdentifier>
    </Filter>
    <Filter Include="Content\Physics">
      <UniqueIdentifier>{7d845063-76f8-4271-82e4-85d9f6fdfb5d}</UniqueIdentifier>
    </Filter>
    <Filter Include="Content\Systems\Splash">
      <UniqueIdentifier>{a1eddbb3-f563-4909-b006-e303e4ec04ac}</UniqueIdentifier>
    </Filter>
    <Filter Include="Content\Rendering\ModelRenderer\DirectXTK\Shaders\Shared">
      <UniqueIdentifier>{e5233e13-6feb-4cc7-af44-36c19f22a110}</UniqueIdentifier>
    </Filter>
    <Filter Include="Content\Systems\Network">
      <UniqueIdentifier>{551d6927-82ba-4055-b2ee-76c3fd3d5093}</UniqueIdentifier>
    </Filter>
    <Filter Include="Content\Rendering\MeshRenderer">
      <UniqueIdentifier>{2384fb19-462f-4317-b3e0-b20ab0a79b47}</UniqueIdentifier>
    </Filter>
    <Filter Include="Content\Rendering\MeshRenderer\Shaders">
      <UniqueIdentifier>{d194b49e-a3a5-46c4-aa82-0ac812d4d39d}</UniqueIdentifier>
    </Filter>
    <Filter Include="Content\Algorithms">
      <UniqueIdentifier>{2325d3d6-534b-4373-a158-8566da345b58}</UniqueIdentifier>
    </Filter>
    <Filter Include="Content\Algorithms\Kalman">
      <UniqueIdentifier>{fc7a8fed-30a1-4440-8eb7-efeba82be2f8}</UniqueIdentifier>
    </Filter>
    <Filter Include="Content\Input\SpatialInput">
      <UniqueIdentifier>{646177ae-08c6-4de3-b4c4-77ba1ad9e48f}</UniqueIdentifier>
    </Filter>
    <Filter Include="Content\Systems\Task">
      <UniqueIdentifier>{de4b00b5-0236-4e1a-bcc3-940f1652a4ca}</UniqueIdentifier>
    </Filter>
    <Filter Include="Content\Systems\Task\Tasks">
      <UniqueIdentifier>{4d342565-c9df-414e-b523-fdae587fbd9f}</UniqueIdentifier>
    </Filter>
    <Filter Include="Content\Debug">
      <UniqueIdentifier>{7c556e33-521e-4cf8-b4ce-ff3be89d2ba7}</UniqueIdentifier>
    </Filter>
    <Filter Include="Content\Algorithms\Registration">
      <UniqueIdentifier>{677ab534-b2b2-4002-80eb-4af9591d7f6f}</UniqueIdentifier>
    </Filter>
    <Filter Include="Content\Algorithms\Registration\Landmark">
      <UniqueIdentifier>{79d7759a-f2d4-435b-976e-c3c648b0a0b7}</UniqueIdentifier>
    </Filter>
    <Filter Include="Content\Systems\Registration\Camera">
      <UniqueIdentifier>{91ef6e3d-6dc8-4a67-bc91-84221f592e6e}</UniqueIdentifier>
    </Filter>
    <Filter Include="Content\Systems\Registration\Optical">
      <UniqueIdentifier>{8609aada-f50e-41ba-bf65-94dd9cc1c987}</UniqueIdentifier>
    </Filter>
    <Filter Include="Content\Systems\Registration\ToolBased">
      <UniqueIdentifier>{d46066e4-7ccd-4eef-b07e-0c438434151e}</UniqueIdentifier>
    </Filter>
    <Filter Include="Content\Systems\Registration\ModelAlignment">
      <UniqueIdentifier>{af9ab162-c38d-448b-8dc7-ab2c1fd5724a}</UniqueIdentifier>
    </Filter>
    <Filter Include="Content\Math">
      <UniqueIdentifier>{e88588ef-79fa-4f1d-aa25-7cc42ccb6b21}</UniqueIdentifier>
    </Filter>
    <Filter Include="Content\Algorithms\Registration\PointToLine">
      <UniqueIdentifier>{5fa330e2-29cc-48f8-a134-b4bcdabf169b}</UniqueIdentifier>
    </Filter>
    <Filter Include="Content\UI">
      <UniqueIdentifier>{144a93c4-b453-4b62-af5e-222e587c59fe}</UniqueIdentifier>
    </Filter>
    <Filter Include="Content\Algorithms\Registration\PointToPlane">
      <UniqueIdentifier>{7f1f1ad5-1264-4a3d-a461-7d6eccf54e11}</UniqueIdentifier>
    </Filter>
    <Filter Include="Assets\Models\Test">
      <UniqueIdentifier>{3f601c69-0118-4e16-91a4-1fb937fe908a}</UniqueIdentifier>
    </Filter>
    <Filter Include="Assets\Textures">
      <UniqueIdentifier>{80178a98-2bc6-4134-ac15-fbb92bd4ad73}</UniqueIdentifier>
    </Filter>
    <Filter Include="Assets\Models\Debug">
      <UniqueIdentifier>{3d742488-8693-44cf-a78f-cd3d9044effa}</UniqueIdentifier>
    </Filter>
    <Filter Include="Assets\Models\Demo">
      <UniqueIdentifier>{1ceeefc2-a7e4-4e68-a992-60a5043d81cd}</UniqueIdentifier>
    </Filter>
  </ItemGroup>
  <ItemGroup>
    <FxCompile Include="Content\SpatialMapping\Shaders\CSRayTriangleIntersection.hlsl">
      <Filter>Content\Spatial\Shaders</Filter>
    </FxCompile>
    <FxCompile Include="Content\Rendering\Shaders\NotificationVPRTVertexShader.hlsl">
      <Filter>Content\Rendering\NotificationRenderer\Shaders\NotificationRenderer</Filter>
    </FxCompile>
    <FxCompile Include="Content\Rendering\Shaders\NotificationVertexShader.hlsl">
      <Filter>Content\Rendering\NotificationRenderer\Shaders\NotificationRenderer</Filter>
    </FxCompile>
    <FxCompile Include="Content\Rendering\Shaders\DFRFullscreenQuadVertexShader.hlsl">
      <Filter>Content\Rendering\NotificationRenderer\Shaders\DistanceFieldRenderer</Filter>
    </FxCompile>
    <FxCompile Include="Content\Rendering\Shaders\DFRCreateDistanceFieldPixelShader.hlsl">
      <Filter>Content\Rendering\NotificationRenderer\Shaders\DistanceFieldRenderer</Filter>
    </FxCompile>
    <FxCompile Include="Content\Rendering\Shaders\PCTIGeometryShader.hlsl">
      <Filter>Content\Rendering\Geometry Shaders</Filter>
    </FxCompile>
    <FxCompile Include="Content\Rendering\Shaders\PCCIGeometryShader.hlsl">
      <Filter>Content\Rendering\Geometry Shaders</Filter>
    </FxCompile>
    <FxCompile Include="Content\Rendering\Shaders\PCIGeometryShader.hlsl">
      <Filter>Content\Rendering\Geometry Shaders</Filter>
    </FxCompile>
    <FxCompile Include="Content\Rendering\Shaders\PTIGeometryShader.hlsl">
      <Filter>Content\Rendering\Geometry Shaders</Filter>
    </FxCompile>
    <FxCompile Include="Content\Rendering\Shaders\SlicePixelShader.hlsl">
      <Filter>Content\Rendering\SliceRenderer\Shaders</Filter>
    </FxCompile>
    <FxCompile Include="Content\Rendering\Shaders\SliceVertexShader.hlsl">
      <Filter>Content\Rendering\SliceRenderer\Shaders</Filter>
    </FxCompile>
    <FxCompile Include="Content\Rendering\Shaders\SliceVPRTVertexShader.hlsl">
      <Filter>Content\Rendering\SliceRenderer\Shaders</Filter>
    </FxCompile>
    <FxCompile Include="Content\Rendering\Shaders\PCCTIGeometryShader.hlsl">
      <Filter>Content\Rendering\Geometry Shaders</Filter>
    </FxCompile>
    <FxCompile Include="Content\Rendering\Shaders\PCT0T4IGeometryShader.hlsl">
      <Filter>Content\Rendering\Geometry Shaders</Filter>
    </FxCompile>
    <FxCompile Include="Content\Rendering\Shaders\PCT0T1T2IGeometryShader.hlsl">
      <Filter>Content\Rendering\Geometry Shaders</Filter>
    </FxCompile>
    <FxCompile Include="Content\Rendering\Shaders\NotificationPixelShader.hlsl">
      <Filter>Content\Rendering\NotificationRenderer\Shaders\NotificationRenderer</Filter>
    </FxCompile>
    <FxCompile Include="Content\Rendering\Shaders\SMRLightingPixelShader.hlsl">
      <Filter>Content\Rendering\MeshRenderer\Shaders</Filter>
    </FxCompile>
    <FxCompile Include="Content\Rendering\Shaders\SMRSolidColorPixelShader.hlsl">
      <Filter>Content\Rendering\MeshRenderer\Shaders</Filter>
    </FxCompile>
    <FxCompile Include="Content\Rendering\Shaders\SMRSurfaceVertexShader.hlsl">
      <Filter>Content\Rendering\MeshRenderer\Shaders</Filter>
    </FxCompile>
    <FxCompile Include="Content\Rendering\Shaders\SMRSurfaceVPRTVertexShader.hlsl">
      <Filter>Content\Rendering\MeshRenderer\Shaders</Filter>
    </FxCompile>
    <FxCompile Include="Content\Rendering\Shaders\PPNCIGeometryShader.hlsl">
      <Filter>Content\Rendering\Geometry Shaders</Filter>
    </FxCompile>
    <FxCompile Include="Content\Rendering\Volume\VolumeRendererVS.hlsl">
      <Filter>Content\Rendering\VolumeRenderer\Shaders</Filter>
    </FxCompile>
    <FxCompile Include="Content\Rendering\Volume\VolumeRendererPS.hlsl">
      <Filter>Content\Rendering\VolumeRenderer\Shaders</Filter>
    </FxCompile>
    <FxCompile Include="Content\Rendering\Volume\VolumeRendererVprtVS.hlsl">
      <Filter>Content\Rendering\VolumeRenderer\Shaders</Filter>
    </FxCompile>
    <FxCompile Include="Content\Rendering\Shaders\PT0T1IGeometryShader.hlsl">
      <Filter>Content\Rendering\Geometry Shaders</Filter>
    </FxCompile>
    <FxCompile Include="Content\Rendering\Volume\FaceAnalysisPS.hlsl">
      <Filter>Content\Rendering\VolumeRenderer\Shaders</Filter>
    </FxCompile>
    <FxCompile Include="Content\Rendering\Shaders\SlicePixelShaderGreyscale.hlsl">
      <Filter>Content\Rendering\SliceRenderer\Shaders</Filter>
    </FxCompile>
  </ItemGroup>
  <ItemGroup>
    <AppxManifest Include="Package.appxmanifest">
      <Filter>Infrastructure</Filter>
    </AppxManifest>
  </ItemGroup>
  <ItemGroup>
    <Media Include="Assets\Sounds\input_ok.mp3">
      <Filter>Assets\Sounds</Filter>
    </Media>
    <Media Include="Assets\Sounds\cursor_toggle.wav">
      <Filter>Assets\Sounds</Filter>
    </Media>
    <Media Include="Assets\Sounds\input_fail.mp3">
      <Filter>Assets\Sounds</Filter>
    </Media>
  </ItemGroup>
  <ItemGroup>
    <Xml Include="Assets\Data\configuration.xml">
      <Filter>Assets\Data</Filter>
    </Xml>
  </ItemGroup>
</Project>