<?xml version="1.0" encoding="utf-8"?>
<Project ToolsVersion="4.0" xmlns="http://schemas.microsoft.com/developer/msbuild/2003">
  <ItemGroup>
    <ClCompile Include="TrackedUltrasoundMain.cpp" />
    <ClCompile Include="Common\CameraResources.cpp">
      <Filter>Common</Filter>
    </ClCompile>
    <ClCompile Include="Common\DeviceResources.cpp">
      <Filter>Common</Filter>
    </ClCompile>
    <ClCompile Include="Content\Rendering\GazeCursorRenderer.cpp">
      <Filter>Content\Rendering</Filter>
    </ClCompile>
    <ClCompile Include="Content\Input\SpatialInputHandler.cpp">
      <Filter>Content\Input</Filter>
    </ClCompile>
    <ClCompile Include="Content\Sound\CardioidSound.cpp">
      <Filter>Content\Sound</Filter>
    </ClCompile>
    <ClCompile Include="Content\Sound\OmnidirectionalSound.cpp">
      <Filter>Content\Sound</Filter>
    </ClCompile>
    <ClCompile Include="Content\Sound\AudioFileReader.cpp">
      <Filter>Content\Sound</Filter>
    </ClCompile>
    <ClCompile Include="AppView.cpp">
      <Filter>Infrastructure</Filter>
    </ClCompile>
    <ClCompile Include="pch.cpp">
      <Filter>Infrastructure</Filter>
    </ClCompile>
    <ClCompile Include="Content\Sound\VoiceCallback.cpp">
      <Filter>Content\Sound</Filter>
    </ClCompile>
    <ClCompile Include="Content\SpatialMapping\SurfaceMesh.cpp">
      <Filter>Content\SpatialMapping</Filter>
    </ClCompile>
    <ClCompile Include="Content\SpatialMapping\SpatialSurfaceCollection.cpp">
      <Filter>Content\SpatialMapping</Filter>
    </ClCompile>
    <ClCompile Include="Content\SpatialMapping\SpatialSurfaceAPI.cpp">
      <Filter>Content\SpatialMapping</Filter>
    </ClCompile>
    <ClCompile Include="Content\Rendering\InstancedEffectBase.cpp">
      <Filter>Content\Rendering</Filter>
    </ClCompile>
    <ClCompile Include="Content\Rendering\InstancedBasicEffect.cpp">
      <Filter>Content\Rendering</Filter>
    </ClCompile>
    <ClCompile Include="Content\Input\VoiceInputHandler.cpp">
      <Filter>Content\Input</Filter>
    </ClCompile>
    <ClCompile Include="Content\Rendering\InstancedEffectFactory.cpp">
      <Filter>Content\Rendering</Filter>
    </ClCompile>
    <ClCompile Include="Common\Common.cpp">
      <Filter>Common</Filter>
    </ClCompile>
    <ClCompile Include="Content\Rendering\SliceRenderer.cpp">
      <Filter>Content\Rendering\SliceRenderer</Filter>
    </ClCompile>
    <ClCompile Include="Content\Rendering\SliceEntry.cpp">
      <Filter>Content\Rendering\SliceRenderer</Filter>
    </ClCompile>
    <ClCompile Include="Content\Rendering\DistanceFieldRenderer.cpp">
      <Filter>Content\Rendering\NotificationRenderer</Filter>
    </ClCompile>
    <ClCompile Include="Content\Rendering\NotificationRenderer.cpp">
      <Filter>Content\Rendering\NotificationRenderer</Filter>
    </ClCompile>
    <ClCompile Include="Content\Rendering\TextRenderer.cpp">
      <Filter>Content\Rendering\NotificationRenderer</Filter>
    </ClCompile>
    <ClCompile Include="Content\Notifications\NotificationsAPI.cpp">
      <Filter>Content\Notifications</Filter>
    </ClCompile>
    <ClCompile Include="Content\IGTLink\IGTLinkIF.cpp">
      <Filter>Content\IGTLink</Filter>
    </ClCompile>
  </ItemGroup>
  <ItemGroup>
    <ClInclude Include="TrackedUltrasoundMain.h" />
    <ClInclude Include="Common\CameraResources.h">
      <Filter>Common</Filter>
    </ClInclude>
    <ClInclude Include="Common\DeviceResources.h">
      <Filter>Common</Filter>
    </ClInclude>
    <ClInclude Include="Common\DirectXHelper.h">
      <Filter>Common</Filter>
    </ClInclude>
    <ClInclude Include="Common\StepTimer.h">
      <Filter>Common</Filter>
    </ClInclude>
    <ClInclude Include="Content\Rendering\GazeCursorRenderer.h">
      <Filter>Content\Rendering</Filter>
    </ClInclude>
    <ClInclude Include="Content\Input\SpatialInputHandler.h">
      <Filter>Content\Input</Filter>
    </ClInclude>
    <ClInclude Include="Content\Sound\OmnidirectionalSound.h">
      <Filter>Content\Sound</Filter>
    </ClInclude>
    <ClInclude Include="Content\Sound\CardioidSound.h">
      <Filter>Content\Sound</Filter>
    </ClInclude>
    <ClInclude Include="Content\Sound\AudioFileReader.h">
      <Filter>Content\Sound</Filter>
    </ClInclude>
    <ClInclude Include="Content\Sound\XAudio2Helpers.h">
      <Filter>Content\Sound</Filter>
    </ClInclude>
    <ClInclude Include="AppView.h">
      <Filter>Infrastructure</Filter>
    </ClInclude>
    <ClInclude Include="pch.h">
      <Filter>Infrastructure</Filter>
    </ClInclude>
    <ClInclude Include="Content\Sound\VoiceCallback.h">
      <Filter>Content\Sound</Filter>
    </ClInclude>
    <ClInclude Include="Content\SpatialMapping\SurfaceMesh.h">
      <Filter>Content\SpatialMapping</Filter>
    </ClInclude>
    <ClInclude Include="Content\SpatialMapping\SpatialSurfaceCollection.h">
      <Filter>Content\SpatialMapping</Filter>
    </ClInclude>
    <ClInclude Include="Content\SpatialMapping\SpatialSurfaceAPI.h">
      <Filter>Content\SpatialMapping</Filter>
    </ClInclude>
    <ClInclude Include="Content\SpatialMapping\GetDataFromIBuffer.h">
      <Filter>Content\SpatialMapping</Filter>
    </ClInclude>
    <ClInclude Include="Content\SpatialMapping\SpatialShaderStructures.h">
      <Filter>Content\SpatialMapping</Filter>
    </ClInclude>
    <ClInclude Include="Content\Rendering\InstancedEffectBase.h">
      <Filter>Content\Rendering</Filter>
    </ClInclude>
    <ClInclude Include="Content\Rendering\InstancedBasicEffect.h">
      <Filter>Content\Rendering</Filter>
    </ClInclude>
    <ClInclude Include="Content\Input\VoiceInputHandler.h">
      <Filter>Content\Input</Filter>
    </ClInclude>
    <ClInclude Include="Common\Common.h">
      <Filter>Common</Filter>
    </ClInclude>
    <ClInclude Include="Content\Rendering\InstancedEffectFactory.h">
      <Filter>Content\Rendering</Filter>
    </ClInclude>
    <ClInclude Include="Content\Rendering\SliceRenderer.h">
      <Filter>Content\Rendering\SliceRenderer</Filter>
    </ClInclude>
    <ClInclude Include="Content\Rendering\SliceEntry.h">
      <Filter>Content\Rendering\SliceRenderer</Filter>
    </ClInclude>
    <ClInclude Include="Content\Rendering\DistanceFieldRenderer.h">
      <Filter>Content\Rendering\NotificationRenderer</Filter>
    </ClInclude>
    <ClInclude Include="Content\Rendering\NotificationRenderer.h">
      <Filter>Content\Rendering\NotificationRenderer</Filter>
    </ClInclude>
    <ClInclude Include="Content\Rendering\TextRenderer.h">
      <Filter>Content\Rendering\NotificationRenderer</Filter>
    </ClInclude>
    <ClInclude Include="Content\Notifications\NotificationsAPI.h">
      <Filter>Content\Notifications</Filter>
    </ClInclude>
    <ClInclude Include="Content\IGTLink\IGTLinkIF.h">
      <Filter>Content\IGTLink</Filter>
    </ClInclude>
  </ItemGroup>
  <ItemGroup>
    <Image Include="Assets\LockScreenLogo.scale-200.png">
      <Filter>Assets</Filter>
    </Image>
    <Image Include="Assets\SplashScreen.scale-200.png">
      <Filter>Assets</Filter>
    </Image>
    <Image Include="Assets\Square44x44Logo.scale-200.png">
      <Filter>Assets</Filter>
    </Image>
    <Image Include="Assets\Square44x44Logo.targetsize-24_altform-unplated.png">
      <Filter>Assets</Filter>
    </Image>
    <Image Include="Assets\Square150x150Logo.scale-200.png">
      <Filter>Assets</Filter>
    </Image>
    <Image Include="Assets\StoreLogo.png">
      <Filter>Assets</Filter>
    </Image>
    <Image Include="Assets\Wide310x150Logo.scale-200.png">
      <Filter>Assets</Filter>
    </Image>
  </ItemGroup>
  <ItemGroup>
    <None Include="TrackedUltrasound_TemporaryKey.pfx">
      <Filter>Infrastructure</Filter>
    </None>
    <None Include="Assets\Models\gaze_cursor.cmo">
      <Filter>Assets</Filter>
    </None>
  </ItemGroup>
  <ItemGroup>
    <Filter Include="Content">
      <UniqueIdentifier>{507ac04a-d4d2-4268-8c32-6a5cc166065b}</UniqueIdentifier>
    </Filter>
    <Filter Include="Common">
      <UniqueIdentifier>{0eb88fd4-8091-49ac-98ab-63580abfdeaf}</UniqueIdentifier>
    </Filter>
    <Filter Include="Assets">
      <UniqueIdentifier>{74ca8f7e-e0f6-4d44-97fc-967ebecfdfea}</UniqueIdentifier>
    </Filter>
    <Filter Include="Content\Rendering">
      <UniqueIdentifier>{f3c8fff4-d384-41c3-88f8-5e2d69cb3d4a}</UniqueIdentifier>
    </Filter>
    <Filter Include="Content\Rendering\Shaders">
      <UniqueIdentifier>{a66cb79e-3bd1-49ab-bb5e-5f90ae7059ae}</UniqueIdentifier>
    </Filter>
    <Filter Include="Content\Input">
      <UniqueIdentifier>{9132ee02-53bc-432a-ac22-75dcf34aa9b5}</UniqueIdentifier>
    </Filter>
    <Filter Include="Content\Sound">
      <UniqueIdentifier>{031e77a3-6751-4cb2-ad0e-b25982ce2362}</UniqueIdentifier>
    </Filter>
    <Filter Include="Infrastructure">
      <UniqueIdentifier>{88e029e1-6999-4f08-8aa0-7ef8f99bc1b0}</UniqueIdentifier>
    </Filter>
    <Filter Include="Content\SpatialMapping">
      <UniqueIdentifier>{8bb4f3fd-9ef8-4ef9-8452-9539e6344ece}</UniqueIdentifier>
    </Filter>
    <Filter Include="Content\SpatialMapping\Shaders">
      <UniqueIdentifier>{cf251a3f-b817-4279-80f7-9f2bc80047d7}</UniqueIdentifier>
    </Filter>
    <Filter Include="Content\Rendering\Shaders\Passthrough Geometry">
      <UniqueIdentifier>{e3f2040d-dfd3-418f-8209-0f02e7887cc0}</UniqueIdentifier>
    </Filter>
    <Filter Include="Content\Rendering\SliceRenderer">
      <UniqueIdentifier>{f53e7e45-1f03-4161-8e8e-99913c61a68b}</UniqueIdentifier>
    </Filter>
    <Filter Include="Content\Rendering\NotificationRenderer">
      <UniqueIdentifier>{962c0785-e23d-44f3-ab22-6a930f120da0}</UniqueIdentifier>
    </Filter>
    <Filter Include="Content\Rendering\NotificationRenderer\Shaders">
      <UniqueIdentifier>{cc91b419-8bde-4091-b350-52d842d0dbcd}</UniqueIdentifier>
    </Filter>
    <Filter Include="Content\Rendering\NotificationRenderer\Shaders\NotificationRenderer">
      <UniqueIdentifier>{9f0bc8f6-897c-4546-9772-3d3fafc172d1}</UniqueIdentifier>
    </Filter>
    <Filter Include="Content\Rendering\NotificationRenderer\Shaders\DistanceFieldRenderer">
      <UniqueIdentifier>{320080b2-5521-45fc-b18a-2d51c36702c3}</UniqueIdentifier>
    </Filter>
    <Filter Include="Content\Rendering\SliceRenderer\Shaders">
      <UniqueIdentifier>{ed7455e3-3b7a-43be-9d87-196368144a64}</UniqueIdentifier>
    </Filter>
    <Filter Include="Content\Notifications">
      <UniqueIdentifier>{828d142c-791a-453d-9db1-729b679a943c}</UniqueIdentifier>
    </Filter>
    <Filter Include="Content\IGTLink">
      <UniqueIdentifier>{5cbfa541-c5c4-47c9-a0d2-d754fbe0669f}</UniqueIdentifier>
    </Filter>
  </ItemGroup>
  <ItemGroup>
    <FxCompile Include="Content\SpatialMapping\Shaders\CSRayTriangleIntersection.hlsl">
      <Filter>Content\SpatialMapping\Shaders</Filter>
    </FxCompile>
    <FxCompile Include="Content\Rendering\Shaders\BasicLightingPixelShader.hlsl">
      <Filter>Content\Rendering\Shaders</Filter>
    </FxCompile>
    <FxCompile Include="Content\Rendering\Shaders\BasicLightingVertexShader.hlsl">
      <Filter>Content\Rendering\Shaders</Filter>
    </FxCompile>
    <FxCompile Include="Content\Rendering\Shaders\VPRTBasicLightingVertexShader.hlsl">
      <Filter>Content\Rendering\Shaders</Filter>
    </FxCompile>
    <FxCompile Include="Content\Rendering\Shaders\NotificationVPRTVertexShader.hlsl">
      <Filter>Content\Rendering\NotificationRenderer\Shaders\NotificationRenderer</Filter>
    </FxCompile>
    <FxCompile Include="Content\Rendering\Shaders\NotificationVertexShader.hlsl">
      <Filter>Content\Rendering\NotificationRenderer\Shaders\NotificationRenderer</Filter>
    </FxCompile>
    <FxCompile Include="Content\Rendering\Shaders\NotificationUseDistanceFieldPixelShader.hlsl">
      <Filter>Content\Rendering\NotificationRenderer\Shaders\NotificationRenderer</Filter>
    </FxCompile>
    <FxCompile Include="Content\Rendering\Shaders\DFRFullscreenQuadVertexShader.hlsl">
      <Filter>Content\Rendering\NotificationRenderer\Shaders\DistanceFieldRenderer</Filter>
    </FxCompile>
    <FxCompile Include="Content\Rendering\Shaders\DFRCreateDistanceFieldPixelShader.hlsl">
      <Filter>Content\Rendering\NotificationRenderer\Shaders\DistanceFieldRenderer</Filter>
    </FxCompile>
    <FxCompile Include="Content\Rendering\Shaders\PCTIGeometryShader.hlsl">
      <Filter>Content\Rendering\Shaders\Passthrough Geometry</Filter>
    </FxCompile>
    <FxCompile Include="Content\Rendering\Shaders\PCCIGeometryShader.hlsl">
      <Filter>Content\Rendering\Shaders\Passthrough Geometry</Filter>
    </FxCompile>
    <FxCompile Include="Content\Rendering\Shaders\PCIGeometryShader.hlsl">
      <Filter>Content\Rendering\Shaders\Passthrough Geometry</Filter>
    </FxCompile>
    <FxCompile Include="Content\Rendering\Shaders\PTIGeometryShader.hlsl">
      <Filter>Content\Rendering\Shaders\Passthrough Geometry</Filter>
    </FxCompile>
    <FxCompile Include="Content\Rendering\Shaders\SlicePixelShader.hlsl">
      <Filter>Content\Rendering\SliceRenderer\Shaders</Filter>
    </FxCompile>
    <FxCompile Include="Content\Rendering\Shaders\SliceVertexShader.hlsl">
      <Filter>Content\Rendering\SliceRenderer\Shaders</Filter>
    </FxCompile>
    <FxCompile Include="Content\Rendering\Shaders\SliceVPRTVertexShader.hlsl">
      <Filter>Content\Rendering\SliceRenderer\Shaders</Filter>
    </FxCompile>
  </ItemGroup>
  <ItemGroup>
    <AppxManifest Include="Package.appxmanifest">
      <Filter>Infrastructure</Filter>
    </AppxManifest>
  </ItemGroup>
  <ItemGroup>
    <Media Include="Assets\Sounds\cursor_toggle.wav">
      <Filter>Assets</Filter>
    </Media>
    <Media Include="Assets\Sounds\input_ok.mp3">
      <Filter>Assets</Filter>
    </Media>
    <Media Include="Assets\Sounds\input_fail.mp3">
      <Filter>Assets</Filter>
    </Media>
  </ItemGroup>
</Project>